
Microsoft Visual Studio Solution File, Format Version 12.00
# Visual Studio Version 16
VisualStudioVersion = 16.0.31410.357
MinimumVisualStudioVersion = 10.0.40219.1
Project("{8BC9CEB8-8B4A-11D0-8D11-00A0C91BC942}") = "TP IRI", "TP IRI.vcxproj", "{966517EC-3210-4F0A-A952-D5DD5007F328}"
EndProject
Project("{8BC9CEB8-8B4A-11D0-8D11-00A0C91BC942}") = "UnitTest", "..\UnitTest\UnitTest.vcxproj", "{CDE1D000-B7F9-4502-9C70-C59662C8709D}"
EndProject
Global
	GlobalSection(SolutionConfigurationPlatforms) = preSolution
		Debug|x64 = Debug|x64
		Debug|x86 = Debug|x86
		Release|x64 = Release|x64
		Release|x86 = Release|x86
	EndGlobalSection
	GlobalSection(ProjectConfigurationPlatforms) = postSolution
		{966517EC-3210-4F0A-A952-D5DD5007F328}.Debug|x64.ActiveCfg = Debug|x64
		{966517EC-3210-4F0A-A952-D5DD5007F328}.Debug|x64.Build.0 = Debug|x64
		{966517EC-3210-4F0A-A952-D5DD5007F328}.Debug|x86.ActiveCfg = Debug|Win32
		{966517EC-3210-4F0A-A952-D5DD5007F328}.Debug|x86.Build.0 = Debug|Win32
		{966517EC-3210-4F0A-A952-D5DD5007F328}.Release|x64.ActiveCfg = Release|x64
		{966517EC-3210-4F0A-A952-D5DD5007F328}.Release|x64.Build.0 = Release|x64
		{966517EC-3210-4F0A-A952-D5DD5007F328}.Release|x86.ActiveCfg = Release|Win32
		{966517EC-3210-4F0A-A952-D5DD5007F328}.Release|x86.Build.0 = Release|Win32
		{CDE1D000-B7F9-4502-9C70-C59662C8709D}.Debug|x64.ActiveCfg = Debug|x64
		{CDE1D000-B7F9-4502-9C70-C59662C8709D}.Debug|x64.Build.0 = Debug|x64
		{CDE1D000-B7F9-4502-9C70-C59662C8709D}.Debug|x86.ActiveCfg = Debug|Win32
		{CDE1D000-B7F9-4502-9C70-C59662C8709D}.Debug|x86.Build.0 = Debug|Win32
		{CDE1D000-B7F9-4502-9C70-C59662C8709D}.Release|x64.ActiveCfg = Release|x64
		{CDE1D000-B7F9-4502-9C70-C59662C8709D}.Release|x64.Build.0 = Release|x64
		{CDE1D000-B7F9-4502-9C70-C59662C8709D}.Release|x86.ActiveCfg = Release|Win32
		{CDE1D000-B7F9-4502-9C70-C59662C8709D}.Release|x86.Build.0 = Release|Win32
	EndGlobalSection
	GlobalSection(SolutionProperties) = preSolution
		HideSolutionNode = FALSE
	EndGlobalSection
	GlobalSection(ExtensibilityGlobals) = postSolution
		SolutionGuid = {940277D8-FDAD-437B-8CB4-49E76FF15E88}
	EndGlobalSection
EndGlobal
